
Microsoft Visual Studio Solution File, Format Version 12.00
# Visual Studio Version 16
VisualStudioVersion = 16.0.31729.503
MinimumVisualStudioVersion = 10.0.40219.1
Project("{FAE04EC0-301F-11D3-BF4B-00C04F79EFBC}") = "CS_DZ_Function_1", "CS_DZ_Function_1\CS_DZ_Function_1.csproj", "{475A579D-9B20-4375-B74D-17B091C82774}"
EndProject
Global
	GlobalSection(SolutionConfigurationPlatforms) = preSolution
		Debug|Any CPU = Debug|Any CPU
		Release|Any CPU = Release|Any CPU
	EndGlobalSection
	GlobalSection(ProjectConfigurationPlatforms) = postSolution
		{475A579D-9B20-4375-B74D-17B091C82774}.Debug|Any CPU.ActiveCfg = Debug|Any CPU
		{475A579D-9B20-4375-B74D-17B091C82774}.Debug|Any CPU.Build.0 = Debug|Any CPU
		{475A579D-9B20-4375-B74D-17B091C82774}.Release|Any CPU.ActiveCfg = Release|Any CPU
		{475A579D-9B20-4375-B74D-17B091C82774}.Release|Any CPU.Build.0 = Release|Any CPU
	EndGlobalSection
	GlobalSection(SolutionProperties) = preSolution
		HideSolutionNode = FALSE
	EndGlobalSection
	GlobalSection(ExtensibilityGlobals) = postSolution
		SolutionGuid = {B0F89603-BBF7-4430-9B17-561BE1FE6819}
	EndGlobalSection
EndGlobal
